
Microsoft Visual Studio Solution File, Format Version 11.00
# Visual Studio 2010
Project("{FAE04EC0-301F-11D3-BF4B-00C04F79EFBC}") = "TWeb.Administracao", "TWeb.Administracao\TWeb.Administracao.csproj", "{06379188-1074-496E-95C5-A12CEBF964CE}"
EndProject
Project("{FAE04EC0-301F-11D3-BF4B-00C04F79EFBC}") = "TWeb.Repositorio", "TWeb.Repositorio\TWeb.Repositorio.csproj", "{4ED7D398-6288-439B-A52E-4C88E21CAA70}"
EndProject
Project("{FAE04EC0-301F-11D3-BF4B-00C04F79EFBC}") = "TWeb.Modelo", "TWeb.Modelo\TWeb.Modelo.csproj", "{910D3AFE-B9D3-461A-BAE1-6AC004438382}"
EndProject
Project("{FAE04EC0-301F-11D3-BF4B-00C04F79EFBC}") = "TWeb.Infra", "TWeb.Infra\TWeb.Infra.csproj", "{C2FC4260-EA82-4D81-B386-D77AC76FCA06}"
EndProject
Project("{FAE04EC0-301F-11D3-BF4B-00C04F79EFBC}") = "TWeb.Servico", "TWeb.Servico\TWeb.Servico.csproj", "{42804DEB-9D7C-4269-B896-55079F16316F}"
EndProject
Project("{FAE04EC0-301F-11D3-BF4B-00C04F79EFBC}") = "TWeb.Site", "TWeb.Site\TWeb.Site.csproj", "{C9B57F20-F3A5-4A98-8D9E-11D045651D0F}"
EndProject
Global
	GlobalSection(SolutionConfigurationPlatforms) = preSolution
		Debug|Any CPU = Debug|Any CPU
		Release|Any CPU = Release|Any CPU
	EndGlobalSection
	GlobalSection(ProjectConfigurationPlatforms) = postSolution
		{06379188-1074-496E-95C5-A12CEBF964CE}.Debug|Any CPU.ActiveCfg = Debug|Any CPU
		{06379188-1074-496E-95C5-A12CEBF964CE}.Debug|Any CPU.Build.0 = Debug|Any CPU
		{06379188-1074-496E-95C5-A12CEBF964CE}.Release|Any CPU.ActiveCfg = Release|Any CPU
		{06379188-1074-496E-95C5-A12CEBF964CE}.Release|Any CPU.Build.0 = Release|Any CPU
		{4ED7D398-6288-439B-A52E-4C88E21CAA70}.Debug|Any CPU.ActiveCfg = Debug|Any CPU
		{4ED7D398-6288-439B-A52E-4C88E21CAA70}.Debug|Any CPU.Build.0 = Debug|Any CPU
		{4ED7D398-6288-439B-A52E-4C88E21CAA70}.Release|Any CPU.ActiveCfg = Release|Any CPU
		{4ED7D398-6288-439B-A52E-4C88E21CAA70}.Release|Any CPU.Build.0 = Release|Any CPU
		{910D3AFE-B9D3-461A-BAE1-6AC004438382}.Debug|Any CPU.ActiveCfg = Debug|Any CPU
		{910D3AFE-B9D3-461A-BAE1-6AC004438382}.Debug|Any CPU.Build.0 = Debug|Any CPU
		{910D3AFE-B9D3-461A-BAE1-6AC004438382}.Release|Any CPU.ActiveCfg = Release|Any CPU
		{910D3AFE-B9D3-461A-BAE1-6AC004438382}.Release|Any CPU.Build.0 = Release|Any CPU
		{C2FC4260-EA82-4D81-B386-D77AC76FCA06}.Debug|Any CPU.ActiveCfg = Debug|Any CPU
		{C2FC4260-EA82-4D81-B386-D77AC76FCA06}.Debug|Any CPU.Build.0 = Debug|Any CPU
		{C2FC4260-EA82-4D81-B386-D77AC76FCA06}.Release|Any CPU.ActiveCfg = Release|Any CPU
		{C2FC4260-EA82-4D81-B386-D77AC76FCA06}.Release|Any CPU.Build.0 = Release|Any CPU
		{42804DEB-9D7C-4269-B896-55079F16316F}.Debug|Any CPU.ActiveCfg = Debug|Any CPU
		{42804DEB-9D7C-4269-B896-55079F16316F}.Debug|Any CPU.Build.0 = Debug|Any CPU
		{42804DEB-9D7C-4269-B896-55079F16316F}.Release|Any CPU.ActiveCfg = Release|Any CPU
		{42804DEB-9D7C-4269-B896-55079F16316F}.Release|Any CPU.Build.0 = Release|Any CPU
		{C9B57F20-F3A5-4A98-8D9E-11D045651D0F}.Debug|Any CPU.ActiveCfg = Debug|Any CPU
		{C9B57F20-F3A5-4A98-8D9E-11D045651D0F}.Debug|Any CPU.Build.0 = Debug|Any CPU
		{C9B57F20-F3A5-4A98-8D9E-11D045651D0F}.Release|Any CPU.ActiveCfg = Release|Any CPU
		{C9B57F20-F3A5-4A98-8D9E-11D045651D0F}.Release|Any CPU.Build.0 = Release|Any CPU
	EndGlobalSection
	GlobalSection(SolutionProperties) = preSolution
		HideSolutionNode = FALSE
	EndGlobalSection
EndGlobal
